// !$*UTF8*$!
{
	archiveVersion = 1;
	classes = {
	};
	objectVersion = 46;
	objects = {

/* Begin PBXBuildFile section */
		4A5F7F4E156BF46D006ABBCA /* Icon.png in Resources */ = {isa = PBXBuildFile; fileRef = 4A5F7F4C156BF46D006ABBCA /* Icon.png */; };
		4A5F7F4F156BF46D006ABBCA /* Icon@2x.png in Resources */ = {isa = PBXBuildFile; fileRef = 4A5F7F4D156BF46D006ABBCA /* Icon@2x.png */; };
		4AE5CCE8156AB810004C2AB7 /* QuartzCore.framework in Frameworks */ = {isa = PBXBuildFile; fileRef = 4AE5CCE7156AB810004C2AB7 /* QuartzCore.framework */; };
		DE017CF9155EC92F002E7BB0 /* UIKit.framework in Frameworks */ = {isa = PBXBuildFile; fileRef = DE017CF8155EC92F002E7BB0 /* UIKit.framework */; };
		DE017CFB155EC92F002E7BB0 /* Foundation.framework in Frameworks */ = {isa = PBXBuildFile; fileRef = DE017CFA155EC92F002E7BB0 /* Foundation.framework */; };
		DE017CFD155EC92F002E7BB0 /* CoreGraphics.framework in Frameworks */ = {isa = PBXBuildFile; fileRef = DE017CFC155EC92F002E7BB0 /* CoreGraphics.framework */; };
		DE017D03155EC92F002E7BB0 /* InfoPlist.strings in Resources */ = {isa = PBXBuildFile; fileRef = DE017D01155EC92F002E7BB0 /* InfoPlist.strings */; };
		DE017D05155EC92F002E7BB0 /* main.m in Sources */ = {isa = PBXBuildFile; fileRef = DE017D04155EC92F002E7BB0 /* main.m */; };
		DE017D09155EC92F002E7BB0 /* W5AppDelegate.m in Sources */ = {isa = PBXBuildFile; fileRef = DE017D08155EC92F002E7BB0 /* W5AppDelegate.m */; };
		DE7FF814155ECB0A00D7B3E8 /* AssetsLibrary.framework in Frameworks */ = {isa = PBXBuildFile; fileRef = DE7FF813155ECB0A00D7B3E8 /* AssetsLibrary.framework */; };
		DE7FF81A155EE3D600D7B3E8 /* MainStoryboard_iPhone.storyboard in Resources */ = {isa = PBXBuildFile; fileRef = DE7FF819155EE3D600D7B3E8 /* MainStoryboard_iPhone.storyboard */; };
		DE7FF81E155EFEC700D7B3E8 /* W5MainViewController.m in Sources */ = {isa = PBXBuildFile; fileRef = DE7FF81D155EFEC700D7B3E8 /* W5MainViewController.m */; };
		DE885DEF15634437001A9D12 /* W5AssetViewSelectionIndicator.png in Resources */ = {isa = PBXBuildFile; fileRef = DE885DEE15634437001A9D12 /* W5AssetViewSelectionIndicator.png */; };
		DEEC0FF3156B32B600B1F0D2 /* Foundation.framework in Frameworks */ = {isa = PBXBuildFile; fileRef = DE017CFA155EC92F002E7BB0 /* Foundation.framework */; };
		DEEC1017156B332900B1F0D2 /* AssetsLibrary.framework in Frameworks */ = {isa = PBXBuildFile; fileRef = DE7FF813155ECB0A00D7B3E8 /* AssetsLibrary.framework */; };
		DEEC1018156B333600B1F0D2 /* UIKit.framework in Frameworks */ = {isa = PBXBuildFile; fileRef = DE017CF8155EC92F002E7BB0 /* UIKit.framework */; };
		DEEC1019156B334800B1F0D2 /* W5AssetPickerController.h in Headers */ = {isa = PBXBuildFile; fileRef = DE017D27155EC991002E7BB0 /* W5AssetPickerController.h */; settings = {ATTRIBUTES = (Public, ); }; };
		DEEC101A156B335600B1F0D2 /* W5AlbumTableViewController.h in Headers */ = {isa = PBXBuildFile; fileRef = DE7FF80F155ECA7E00D7B3E8 /* W5AlbumTableViewController.h */; settings = {ATTRIBUTES = (Private, ); }; };
		DEEC101B156B335700B1F0D2 /* W5AssetTableViewController.h in Headers */ = {isa = PBXBuildFile; fileRef = DE7FF81F155F09AD00D7B3E8 /* W5AssetTableViewController.h */; settings = {ATTRIBUTES = (Private, ); }; };
		DEEC101C156B335900B1F0D2 /* W5AssetsTableViewCell.h in Headers */ = {isa = PBXBuildFile; fileRef = DE7FF826155F1E1100D7B3E8 /* W5AssetsTableViewCell.h */; settings = {ATTRIBUTES = (Private, ); }; };
		DEEC101D156B335C00B1F0D2 /* W5AssetWrapper.h in Headers */ = {isa = PBXBuildFile; fileRef = DE885DFA15635F06001A9D12 /* W5AssetWrapper.h */; settings = {ATTRIBUTES = (Private, ); }; };
		DEEC101E156B336100B1F0D2 /* W5AssetViewColumn.h in Headers */ = {isa = PBXBuildFile; fileRef = DE7FF823155F1DD200D7B3E8 /* W5AssetViewColumn.h */; settings = {ATTRIBUTES = (Private, ); }; };
		DEEC101F156B376400B1F0D2 /* W5AssetPicker.h in Headers */ = {isa = PBXBuildFile; fileRef = DEEC0FF7156B32B600B1F0D2 /* W5AssetPicker.h */; settings = {ATTRIBUTES = (Public, ); }; };
		DEEC1020156B37E300B1F0D2 /* W5AssetPickerController.m in Sources */ = {isa = PBXBuildFile; fileRef = DE017D28155EC991002E7BB0 /* W5AssetPickerController.m */; };
		DEEC1021156B37F100B1F0D2 /* W5AlbumTableViewController.m in Sources */ = {isa = PBXBuildFile; fileRef = DE7FF810155ECA7E00D7B3E8 /* W5AlbumTableViewController.m */; };
		DEEC1022156B37F800B1F0D2 /* W5AssetTableViewController.m in Sources */ = {isa = PBXBuildFile; fileRef = DE7FF820155F09AD00D7B3E8 /* W5AssetTableViewController.m */; };
		DEEC1023156B37FE00B1F0D2 /* W5AssetsTableViewCell.m in Sources */ = {isa = PBXBuildFile; fileRef = DE7FF827155F1E1100D7B3E8 /* W5AssetsTableViewCell.m */; };
		DEEC1024156B380400B1F0D2 /* W5AssetWrapper.m in Sources */ = {isa = PBXBuildFile; fileRef = DE885DFB15635F06001A9D12 /* W5AssetWrapper.m */; };
		DEEC1025156B380A00B1F0D2 /* W5AssetViewColumn.m in Sources */ = {isa = PBXBuildFile; fileRef = DE7FF824155F1DD200D7B3E8 /* W5AssetViewColumn.m */; };
		DEEC102A156B39AB00B1F0D2 /* libW5AssetPicker.a in Frameworks */ = {isa = PBXBuildFile; fileRef = DEEC0FF2156B32B600B1F0D2 /* libW5AssetPicker.a */; };
		DEEC102B156B39AF00B1F0D2 /* libW5AssetPicker.a in Resources */ = {isa = PBXBuildFile; fileRef = DEEC0FF2156B32B600B1F0D2 /* libW5AssetPicker.a */; };
		DEF8938015671DC600DAA688 /* W5AssetViewSelectionIndicator@2x.png in Resources */ = {isa = PBXBuildFile; fileRef = DEF8937F15671DC600DAA688 /* W5AssetViewSelectionIndicator@2x.png */; };
/* End PBXBuildFile section */

/* Begin PBXFileReference section */
		4A5F7F4C156BF46D006ABBCA /* Icon.png */ = {isa = PBXFileReference; lastKnownFileType = image.png; path = Icon.png; sourceTree = "<group>"; };
		4A5F7F4D156BF46D006ABBCA /* Icon@2x.png */ = {isa = PBXFileReference; lastKnownFileType = image.png; path = "Icon@2x.png"; sourceTree = "<group>"; };
		4AE5CCE7156AB810004C2AB7 /* QuartzCore.framework */ = {isa = PBXFileReference; lastKnownFileType = wrapper.framework; name = QuartzCore.framework; path = System/Library/Frameworks/QuartzCore.framework; sourceTree = SDKROOT; };
		DE017CF4155EC92F002E7BB0 /* W5AssetPickerDemo.app */ = {isa = PBXFileReference; explicitFileType = wrapper.application; includeInIndex = 0; name = W5AssetPickerDemo.app; path = "Picker Demo.app"; sourceTree = BUILT_PRODUCTS_DIR; };
		DE017CF8155EC92F002E7BB0 /* UIKit.framework */ = {isa = PBXFileReference; lastKnownFileType = wrapper.framework; name = UIKit.framework; path = System/Library/Frameworks/UIKit.framework; sourceTree = SDKROOT; };
		DE017CFA155EC92F002E7BB0 /* Foundation.framework */ = {isa = PBXFileReference; lastKnownFileType = wrapper.framework; name = Foundation.framework; path = System/Library/Frameworks/Foundation.framework; sourceTree = SDKROOT; };
		DE017CFC155EC92F002E7BB0 /* CoreGraphics.framework */ = {isa = PBXFileReference; lastKnownFileType = wrapper.framework; name = CoreGraphics.framework; path = System/Library/Frameworks/CoreGraphics.framework; sourceTree = SDKROOT; };
		DE017D00155EC92F002E7BB0 /* W5AssetPickerController-Info.plist */ = {isa = PBXFileReference; lastKnownFileType = text.plist.xml; path = "W5AssetPickerController-Info.plist"; sourceTree = "<group>"; };
		DE017D02155EC92F002E7BB0 /* en */ = {isa = PBXFileReference; lastKnownFileType = text.plist.strings; name = en; path = en.lproj/InfoPlist.strings; sourceTree = "<group>"; };
		DE017D04155EC92F002E7BB0 /* main.m */ = {isa = PBXFileReference; lastKnownFileType = sourcecode.c.objc; path = main.m; sourceTree = "<group>"; };
		DE017D06155EC92F002E7BB0 /* W5AssetPickerController-Prefix.pch */ = {isa = PBXFileReference; lastKnownFileType = sourcecode.c.h; path = "W5AssetPickerController-Prefix.pch"; sourceTree = "<group>"; };
		DE017D07155EC92F002E7BB0 /* W5AppDelegate.h */ = {isa = PBXFileReference; lastKnownFileType = sourcecode.c.h; path = W5AppDelegate.h; sourceTree = "<group>"; };
		DE017D08155EC92F002E7BB0 /* W5AppDelegate.m */ = {isa = PBXFileReference; lastKnownFileType = sourcecode.c.objc; path = W5AppDelegate.m; sourceTree = "<group>"; };
		DE017D10155EC930002E7BB0 /* SenTestingKit.framework */ = {isa = PBXFileReference; lastKnownFileType = wrapper.framework; name = SenTestingKit.framework; path = Library/Frameworks/SenTestingKit.framework; sourceTree = DEVELOPER_DIR; };
		DE017D27155EC991002E7BB0 /* W5AssetPickerController.h */ = {isa = PBXFileReference; fileEncoding = 4; lastKnownFileType = sourcecode.c.h; path = W5AssetPickerController.h; sourceTree = SOURCE_ROOT; };
		DE017D28155EC991002E7BB0 /* W5AssetPickerController.m */ = {isa = PBXFileReference; fileEncoding = 4; lastKnownFileType = sourcecode.c.objc; path = W5AssetPickerController.m; sourceTree = SOURCE_ROOT; };
		DE7FF80F155ECA7E00D7B3E8 /* W5AlbumTableViewController.h */ = {isa = PBXFileReference; fileEncoding = 4; lastKnownFileType = sourcecode.c.h; name = W5AlbumTableViewController.h; path = ../W5AlbumTableViewController.h; sourceTree = "<group>"; };
		DE7FF810155ECA7E00D7B3E8 /* W5AlbumTableViewController.m */ = {isa = PBXFileReference; fileEncoding = 4; lastKnownFileType = sourcecode.c.objc; name = W5AlbumTableViewController.m; path = ../W5AlbumTableViewController.m; sourceTree = "<group>"; };
		DE7FF813155ECB0A00D7B3E8 /* AssetsLibrary.framework */ = {isa = PBXFileReference; lastKnownFileType = wrapper.framework; name = AssetsLibrary.framework; path = System/Library/Frameworks/AssetsLibrary.framework; sourceTree = SDKROOT; };
		DE7FF819155EE3D600D7B3E8 /* MainStoryboard_iPhone.storyboard */ = {isa = PBXFileReference; fileEncoding = 4; lastKnownFileType = file.storyboard; path = MainStoryboard_iPhone.storyboard; sourceTree = "<group>"; };
		DE7FF81C155EFEC700D7B3E8 /* W5MainViewController.h */ = {isa = PBXFileReference; fileEncoding = 4; lastKnownFileType = sourcecode.c.h; path = W5MainViewController.h; sourceTree = "<group>"; };
		DE7FF81D155EFEC700D7B3E8 /* W5MainViewController.m */ = {isa = PBXFileReference; fileEncoding = 4; lastKnownFileType = sourcecode.c.objc; path = W5MainViewController.m; sourceTree = "<group>"; };
		DE7FF81F155F09AD00D7B3E8 /* W5AssetTableViewController.h */ = {isa = PBXFileReference; fileEncoding = 4; lastKnownFileType = sourcecode.c.h; name = W5AssetTableViewController.h; path = ../W5AssetTableViewController.h; sourceTree = "<group>"; };
		DE7FF820155F09AD00D7B3E8 /* W5AssetTableViewController.m */ = {isa = PBXFileReference; fileEncoding = 4; lastKnownFileType = sourcecode.c.objc; name = W5AssetTableViewController.m; path = ../W5AssetTableViewController.m; sourceTree = "<group>"; };
		DE7FF823155F1DD200D7B3E8 /* W5AssetViewColumn.h */ = {isa = PBXFileReference; fileEncoding = 4; lastKnownFileType = sourcecode.c.h; name = W5AssetViewColumn.h; path = ../W5AssetViewColumn.h; sourceTree = "<group>"; };
		DE7FF824155F1DD200D7B3E8 /* W5AssetViewColumn.m */ = {isa = PBXFileReference; fileEncoding = 4; lastKnownFileType = sourcecode.c.objc; name = W5AssetViewColumn.m; path = ../W5AssetViewColumn.m; sourceTree = "<group>"; };
		DE7FF826155F1E1100D7B3E8 /* W5AssetsTableViewCell.h */ = {isa = PBXFileReference; fileEncoding = 4; lastKnownFileType = sourcecode.c.h; name = W5AssetsTableViewCell.h; path = ../W5AssetsTableViewCell.h; sourceTree = "<group>"; };
		DE7FF827155F1E1100D7B3E8 /* W5AssetsTableViewCell.m */ = {isa = PBXFileReference; fileEncoding = 4; lastKnownFileType = sourcecode.c.objc; name = W5AssetsTableViewCell.m; path = ../W5AssetsTableViewCell.m; sourceTree = "<group>"; };
		DE885DEE15634437001A9D12 /* W5AssetViewSelectionIndicator.png */ = {isa = PBXFileReference; lastKnownFileType = image.png; path = W5AssetViewSelectionIndicator.png; sourceTree = "<group>"; };
		DE885DFA15635F06001A9D12 /* W5AssetWrapper.h */ = {isa = PBXFileReference; fileEncoding = 4; lastKnownFileType = sourcecode.c.h; name = W5AssetWrapper.h; path = ../W5AssetWrapper.h; sourceTree = "<group>"; };
		DE885DFB15635F06001A9D12 /* W5AssetWrapper.m */ = {isa = PBXFileReference; fileEncoding = 4; lastKnownFileType = sourcecode.c.objc; name = W5AssetWrapper.m; path = ../W5AssetWrapper.m; sourceTree = "<group>"; };
		DEEC0FF2156B32B600B1F0D2 /* libW5AssetPicker.a */ = {isa = PBXFileReference; explicitFileType = archive.ar; includeInIndex = 0; path = libW5AssetPicker.a; sourceTree = BUILT_PRODUCTS_DIR; };
		DEEC0FF6156B32B600B1F0D2 /* W5AssetPicker-Prefix.pch */ = {isa = PBXFileReference; lastKnownFileType = sourcecode.c.h; path = "W5AssetPicker-Prefix.pch"; sourceTree = "<group>"; };
		DEEC0FF7156B32B600B1F0D2 /* W5AssetPicker.h */ = {isa = PBXFileReference; lastKnownFileType = sourcecode.c.h; path = W5AssetPicker.h; sourceTree = "<group>"; };
		DEF8937F15671DC600DAA688 /* W5AssetViewSelectionIndicator@2x.png */ = {isa = PBXFileReference; lastKnownFileType = image.png; path = "W5AssetViewSelectionIndicator@2x.png"; sourceTree = "<group>"; };
/* End PBXFileReference section */

/* Begin PBXFrameworksBuildPhase section */
		DE017CF1155EC92F002E7BB0 /* Frameworks */ = {
			isa = PBXFrameworksBuildPhase;
			buildActionMask = 2147483647;
			files = (
				DEEC102A156B39AB00B1F0D2 /* libW5AssetPicker.a in Frameworks */,
				4AE5CCE8156AB810004C2AB7 /* QuartzCore.framework in Frameworks */,
				DE7FF814155ECB0A00D7B3E8 /* AssetsLibrary.framework in Frameworks */,
				DE017CF9155EC92F002E7BB0 /* UIKit.framework in Frameworks */,
				DE017CFB155EC92F002E7BB0 /* Foundation.framework in Frameworks */,
				DE017CFD155EC92F002E7BB0 /* CoreGraphics.framework in Frameworks */,
			);
			runOnlyForDeploymentPostprocessing = 0;
		};
		DEEC0FEF156B32B600B1F0D2 /* Frameworks */ = {
			isa = PBXFrameworksBuildPhase;
			buildActionMask = 2147483647;
			files = (
				DEEC1018156B333600B1F0D2 /* UIKit.framework in Frameworks */,
				DEEC1017156B332900B1F0D2 /* AssetsLibrary.framework in Frameworks */,
				DEEC0FF3156B32B600B1F0D2 /* Foundation.framework in Frameworks */,
			);
			runOnlyForDeploymentPostprocessing = 0;
		};
/* End PBXFrameworksBuildPhase section */

/* Begin PBXGroup section */
		DE017CE9155EC92F002E7BB0 = {
			isa = PBXGroup;
			children = (
				DEEC1027156B38C400B1F0D2 /* Asset Picker Static Library */,
				DEEC1026156B388E00B1F0D2 /* Demo */,
				DE017CF7155EC92F002E7BB0 /* Frameworks */,
				DE017CF5155EC92F002E7BB0 /* Products */,
				DE885DEE15634437001A9D12 /* W5AssetViewSelectionIndicator.png */,
				DEF8937F15671DC600DAA688 /* W5AssetViewSelectionIndicator@2x.png */,
			);
			sourceTree = "<group>";
		};
		DE017CF5155EC92F002E7BB0 /* Products */ = {
			isa = PBXGroup;
			children = (
				DE017CF4155EC92F002E7BB0 /* W5AssetPickerDemo.app */,
				DEEC0FF2156B32B600B1F0D2 /* libW5AssetPicker.a */,
			);
			name = Products;
			sourceTree = "<group>";
		};
		DE017CF7155EC92F002E7BB0 /* Frameworks */ = {
			isa = PBXGroup;
			children = (
				4AE5CCE7156AB810004C2AB7 /* QuartzCore.framework */,
				DE7FF813155ECB0A00D7B3E8 /* AssetsLibrary.framework */,
				DE017CF8155EC92F002E7BB0 /* UIKit.framework */,
				DE017CFA155EC92F002E7BB0 /* Foundation.framework */,
				DE017CFC155EC92F002E7BB0 /* CoreGraphics.framework */,
				DE017D10155EC930002E7BB0 /* SenTestingKit.framework */,
			);
			name = Frameworks;
			sourceTree = "<group>";
		};
		DE017CFF155EC92F002E7BB0 /* Supporting Files */ = {
			isa = PBXGroup;
			children = (
				DE017D07155EC92F002E7BB0 /* W5AppDelegate.h */,
				DE017D08155EC92F002E7BB0 /* W5AppDelegate.m */,
				DE017D00155EC92F002E7BB0 /* W5AssetPickerController-Info.plist */,
				DE017D01155EC92F002E7BB0 /* InfoPlist.strings */,
				DE017D04155EC92F002E7BB0 /* main.m */,
				DE017D06155EC92F002E7BB0 /* W5AssetPickerController-Prefix.pch */,
			);
			name = "Supporting Files";
			path = W5AssetPickerController;
			sourceTree = "<group>";
		};
		DEEC0FF4156B32B600B1F0D2 /* libW5AssetPicker */ = {
			isa = PBXGroup;
			children = (
				DEEC1016156B32D500B1F0D2 /* Classes */,
				DEEC0FF7156B32B600B1F0D2 /* W5AssetPicker.h */,
				DEEC0FF5156B32B600B1F0D2 /* Supporting Files */,
			);
			name = libW5AssetPicker;
			path = W5AssetPicker;
			sourceTree = "<group>";
		};
		DEEC0FF5156B32B600B1F0D2 /* Supporting Files */ = {
			isa = PBXGroup;
			children = (
				DEEC0FF6156B32B600B1F0D2 /* W5AssetPicker-Prefix.pch */,
			);
			name = "Supporting Files";
			sourceTree = "<group>";
		};
		DEEC1016156B32D500B1F0D2 /* Classes */ = {
			isa = PBXGroup;
			children = (
				DE017D27155EC991002E7BB0 /* W5AssetPickerController.h */,
				DE017D28155EC991002E7BB0 /* W5AssetPickerController.m */,
				DE7FF80F155ECA7E00D7B3E8 /* W5AlbumTableViewController.h */,
				DE7FF810155ECA7E00D7B3E8 /* W5AlbumTableViewController.m */,
				DE7FF81F155F09AD00D7B3E8 /* W5AssetTableViewController.h */,
				DE7FF820155F09AD00D7B3E8 /* W5AssetTableViewController.m */,
				DE7FF826155F1E1100D7B3E8 /* W5AssetsTableViewCell.h */,
				DE7FF827155F1E1100D7B3E8 /* W5AssetsTableViewCell.m */,
				DE885DFA15635F06001A9D12 /* W5AssetWrapper.h */,
				DE885DFB15635F06001A9D12 /* W5AssetWrapper.m */,
				DE7FF823155F1DD200D7B3E8 /* W5AssetViewColumn.h */,
				DE7FF824155F1DD200D7B3E8 /* W5AssetViewColumn.m */,
			);
			name = Classes;
			sourceTree = "<group>";
		};
		DEEC1026156B388E00B1F0D2 /* Demo */ = {
			isa = PBXGroup;
			children = (
				4A5F7F4C156BF46D006ABBCA /* Icon.png */,
				4A5F7F4D156BF46D006ABBCA /* Icon@2x.png */,
				DE7FF819155EE3D600D7B3E8 /* MainStoryboard_iPhone.storyboard */,
				DE7FF81C155EFEC700D7B3E8 /* W5MainViewController.h */,
				DE7FF81D155EFEC700D7B3E8 /* W5MainViewController.m */,
				DE017CFF155EC92F002E7BB0 /* Supporting Files */,
			);
			name = Demo;
			sourceTree = "<group>";
		};
		DEEC1027156B38C400B1F0D2 /* Asset Picker Static Library */ = {
			isa = PBXGroup;
			children = (
				DEEC0FF4156B32B600B1F0D2 /* libW5AssetPicker */,
			);
			name = "Asset Picker Static Library";
			sourceTree = "<group>";
		};
/* End PBXGroup section */

/* Begin PBXHeadersBuildPhase section */
		DEEC0FF0156B32B600B1F0D2 /* Headers */ = {
			isa = PBXHeadersBuildPhase;
			buildActionMask = 2147483647;
			files = (
				DEEC101A156B335600B1F0D2 /* W5AlbumTableViewController.h in Headers */,
				DEEC1019156B334800B1F0D2 /* W5AssetPickerController.h in Headers */,
				DEEC101B156B335700B1F0D2 /* W5AssetTableViewController.h in Headers */,
				DEEC101C156B335900B1F0D2 /* W5AssetsTableViewCell.h in Headers */,
				DEEC101D156B335C00B1F0D2 /* W5AssetWrapper.h in Headers */,
				DEEC101E156B336100B1F0D2 /* W5AssetViewColumn.h in Headers */,
				DEEC101F156B376400B1F0D2 /* W5AssetPicker.h in Headers */,
			);
			runOnlyForDeploymentPostprocessing = 0;
		};
/* End PBXHeadersBuildPhase section */

/* Begin PBXNativeTarget section */
		DE017CF3155EC92F002E7BB0 /* Picker Demo */ = {
			isa = PBXNativeTarget;
			buildConfigurationList = DE017D21155EC930002E7BB0 /* Build configuration list for PBXNativeTarget "Picker Demo" */;
			buildPhases = (
				DE017CF0155EC92F002E7BB0 /* Sources */,
				DE017CF1155EC92F002E7BB0 /* Frameworks */,
				DE017CF2155EC92F002E7BB0 /* Resources */,
			);
			buildRules = (
			);
			dependencies = (
			);
			name = "Picker Demo";
			productName = W5AssetPickerController;
			productReference = DE017CF4155EC92F002E7BB0 /* W5AssetPickerDemo.app */;
			productType = "com.apple.product-type.application";
		};
		DEEC0FF1156B32B600B1F0D2 /* W5AssetPicker */ = {
			isa = PBXNativeTarget;
			buildConfigurationList = DEEC1013156B32B600B1F0D2 /* Build configuration list for PBXNativeTarget "W5AssetPicker" */;
			buildPhases = (
				DEEC0FEE156B32B600B1F0D2 /* Sources */,
				DEEC0FEF156B32B600B1F0D2 /* Frameworks */,
				DEEC0FF0156B32B600B1F0D2 /* Headers */,
			);
			buildRules = (
			);
			dependencies = (
			);
			name = W5AssetPicker;
			productName = W5AssetPicker;
			productReference = DEEC0FF2156B32B600B1F0D2 /* libW5AssetPicker.a */;
			productType = "com.apple.product-type.library.static";
		};
/* End PBXNativeTarget section */

/* Begin PBXProject section */
		DE017CEB155EC92F002E7BB0 /* Project object */ = {
			isa = PBXProject;
			attributes = {
				CLASSPREFIX = W5;
				LastUpgradeCheck = 0430;
				ORGANIZATIONNAME = "Wesley D. Smith";
			};
			buildConfigurationList = DE017CEE155EC92F002E7BB0 /* Build configuration list for PBXProject "W5AssetPickerController" */;
			compatibilityVersion = "Xcode 3.2";
			developmentRegion = English;
			hasScannedForEncodings = 0;
			knownRegions = (
				en,
			);
			mainGroup = DE017CE9155EC92F002E7BB0;
			productRefGroup = DE017CF5155EC92F002E7BB0 /* Products */;
			projectDirPath = "";
			projectRoot = "";
			targets = (
				DE017CF3155EC92F002E7BB0 /* Picker Demo */,
				DEEC0FF1156B32B600B1F0D2 /* W5AssetPicker */,
			);
		};
/* End PBXProject section */

/* Begin PBXResourcesBuildPhase section */
		DE017CF2155EC92F002E7BB0 /* Resources */ = {
			isa = PBXResourcesBuildPhase;
			buildActionMask = 2147483647;
			files = (
				DEEC102B156B39AF00B1F0D2 /* libW5AssetPicker.a in Resources */,
				DE017D03155EC92F002E7BB0 /* InfoPlist.strings in Resources */,
				DE7FF81A155EE3D600D7B3E8 /* MainStoryboard_iPhone.storyboard in Resources */,
				DE885DEF15634437001A9D12 /* W5AssetViewSelectionIndicator.png in Resources */,
				DEF8938015671DC600DAA688 /* W5AssetViewSelectionIndicator@2x.png in Resources */,
				4A5F7F4E156BF46D006ABBCA /* Icon.png in Resources */,
				4A5F7F4F156BF46D006ABBCA /* Icon@2x.png in Resources */,
			);
			runOnlyForDeploymentPostprocessing = 0;
		};
/* End PBXResourcesBuildPhase section */

/* Begin PBXSourcesBuildPhase section */
		DE017CF0155EC92F002E7BB0 /* Sources */ = {
			isa = PBXSourcesBuildPhase;
			buildActionMask = 2147483647;
			files = (
				DE017D05155EC92F002E7BB0 /* main.m in Sources */,
				DE017D09155EC92F002E7BB0 /* W5AppDelegate.m in Sources */,
				DE7FF81E155EFEC700D7B3E8 /* W5MainViewController.m in Sources */,
			);
			runOnlyForDeploymentPostprocessing = 0;
		};
		DEEC0FEE156B32B600B1F0D2 /* Sources */ = {
			isa = PBXSourcesBuildPhase;
			buildActionMask = 2147483647;
			files = (
				DEEC1020156B37E300B1F0D2 /* W5AssetPickerController.m in Sources */,
				DEEC1021156B37F100B1F0D2 /* W5AlbumTableViewController.m in Sources */,
				DEEC1022156B37F800B1F0D2 /* W5AssetTableViewController.m in Sources */,
				DEEC1023156B37FE00B1F0D2 /* W5AssetsTableViewCell.m in Sources */,
				DEEC1024156B380400B1F0D2 /* W5AssetWrapper.m in Sources */,
				DEEC1025156B380A00B1F0D2 /* W5AssetViewColumn.m in Sources */,
			);
			runOnlyForDeploymentPostprocessing = 0;
		};
/* End PBXSourcesBuildPhase section */

/* Begin PBXVariantGroup section */
		DE017D01155EC92F002E7BB0 /* InfoPlist.strings */ = {
			isa = PBXVariantGroup;
			children = (
				DE017D02155EC92F002E7BB0 /* en */,
			);
			name = InfoPlist.strings;
			sourceTree = "<group>";
		};
/* End PBXVariantGroup section */

/* Begin XCBuildConfiguration section */
		DE017D1F155EC930002E7BB0 /* Debug */ = {
			isa = XCBuildConfiguration;
			buildSettings = {
				ALWAYS_SEARCH_USER_PATHS = NO;
				ARCHS = "$(ARCHS_STANDARD_32_BIT)";
				CLANG_ENABLE_OBJC_ARC = YES;
				"CODE_SIGN_IDENTITY[sdk=iphoneos*]" = "iPhone Developer";
				COPY_PHASE_STRIP = NO;
				GCC_C_LANGUAGE_STANDARD = gnu99;
				GCC_DYNAMIC_NO_PIC = NO;
				GCC_OPTIMIZATION_LEVEL = 0;
				GCC_PREPROCESSOR_DEFINITIONS = (
					"DEBUG=1",
					"$(inherited)",
				);
				GCC_SYMBOLS_PRIVATE_EXTERN = NO;
				GCC_VERSION = com.apple.compilers.llvm.clang.1_0;
				GCC_WARN_ABOUT_RETURN_TYPE = YES;
				GCC_WARN_UNINITIALIZED_AUTOS = YES;
				GCC_WARN_UNUSED_VARIABLE = YES;
				IPHONEOS_DEPLOYMENT_TARGET = 5.0;
				SDKROOT = iphoneos;
				TARGETED_DEVICE_FAMILY = "1,2";
			};
			name = Debug;
		};
		DE017D20155EC930002E7BB0 /* Release */ = {
			isa = XCBuildConfiguration;
			buildSettings = {
				ALWAYS_SEARCH_USER_PATHS = NO;
				ARCHS = "$(ARCHS_STANDARD_32_BIT)";
				CLANG_ENABLE_OBJC_ARC = YES;
				"CODE_SIGN_IDENTITY[sdk=iphoneos*]" = "iPhone Developer";
				COPY_PHASE_STRIP = YES;
				GCC_C_LANGUAGE_STANDARD = gnu99;
				GCC_VERSION = com.apple.compilers.llvm.clang.1_0;
				GCC_WARN_ABOUT_RETURN_TYPE = YES;
				GCC_WARN_UNINITIALIZED_AUTOS = YES;
				GCC_WARN_UNUSED_VARIABLE = YES;
				IPHONEOS_DEPLOYMENT_TARGET = 5.0;
				OTHER_CFLAGS = "-DNS_BLOCK_ASSERTIONS=1";
				SDKROOT = iphoneos;
				TARGETED_DEVICE_FAMILY = "1,2";
				VALIDATE_PRODUCT = YES;
			};
			name = Release;
		};
		DE017D22155EC930002E7BB0 /* Debug */ = {
			isa = XCBuildConfiguration;
			buildSettings = {
				GCC_PRECOMPILE_PREFIX_HEADER = YES;
				GCC_PREFIX_HEADER = "W5AssetPickerController/W5AssetPickerController-Prefix.pch";
				INFOPLIST_FILE = "W5AssetPickerController/W5AssetPickerController-Info.plist";
				OTHER_CFLAGS = "-DDEBUG";
				PRODUCT_NAME = "$(TARGET_NAME)";
				WRAPPER_EXTENSION = app;
			};
			name = Debug;
		};
		DE017D23155EC930002E7BB0 /* Release */ = {
			isa = XCBuildConfiguration;
			buildSettings = {
				GCC_PRECOMPILE_PREFIX_HEADER = YES;
				GCC_PREFIX_HEADER = "W5AssetPickerController/W5AssetPickerController-Prefix.pch";
				INFOPLIST_FILE = "W5AssetPickerController/W5AssetPickerController-Info.plist";
				PRODUCT_NAME = "$(TARGET_NAME)";
				WRAPPER_EXTENSION = app;
			};
			name = Release;
		};
		DEEC100F156B32B600B1F0D2 /* Debug */ = {
			isa = XCBuildConfiguration;
			buildSettings = {
				DEAD_CODE_STRIPPING = NO;
				DSTROOT = /tmp/W5AssetPicker.dst;
				GCC_GENERATE_DEBUGGING_SYMBOLS = YES;
				GCC_PRECOMPILE_PREFIX_HEADER = YES;
				GCC_PREFIX_HEADER = "W5AssetPicker/W5AssetPicker-Prefix.pch";
				MACH_O_TYPE = staticlib;
				OTHER_LDFLAGS = "-ObjC";
				PRODUCT_NAME = "$(TARGET_NAME)";
				PUBLIC_HEADERS_FOLDER_PATH = "include/$(TARGET_NAME)";
				SKIP_INSTALL = YES;
				STRIP_STYLE = "non-global";
			};
			name = Debug;
		};
		DEEC1010156B32B600B1F0D2 /* Release */ = {
			isa = XCBuildConfiguration;
			buildSettings = {
				COPY_PHASE_STRIP = NO;
				DEAD_CODE_STRIPPING = NO;
				DSTROOT = /tmp/W5AssetPicker.dst;
				GCC_GENERATE_DEBUGGING_SYMBOLS = YES;
				GCC_PRECOMPILE_PREFIX_HEADER = YES;
				GCC_PREFIX_HEADER = "W5AssetPicker/W5AssetPicker-Prefix.pch";
				MACH_O_TYPE = staticlib;
				OTHER_LDFLAGS = "-ObjC";
				PRODUCT_NAME = "$(TARGET_NAME)";
				PUBLIC_HEADERS_FOLDER_PATH = "include/$(TARGET_NAME)";
				SKIP_INSTALL = YES;
				STRIP_STYLE = "non-global";
			};
			name = Release;
		};
/* End XCBuildConfiguration section */

/* Begin XCConfigurationList section */
		DE017CEE155EC92F002E7BB0 /* Build configuration list for PBXProject "W5AssetPickerController" */ = {
			isa = XCConfigurationList;
			buildConfigurations = (
				DE017D1F155EC930002E7BB0 /* Debug */,
				DE017D20155EC930002E7BB0 /* Release */,
			);
			defaultConfigurationIsVisible = 0;
			defaultConfigurationName = Release;
		};
		DE017D21155EC930002E7BB0 /* Build configuration list for PBXNativeTarget "Picker Demo" */ = {
			isa = XCConfigurationList;
			buildConfigurations = (
				DE017D22155EC930002E7BB0 /* Debug */,
				DE017D23155EC930002E7BB0 /* Release */,
			);
			defaultConfigurationIsVisible = 0;
			defaultConfigurationName = Release;
		};
		DEEC1013156B32B600B1F0D2 /* Build configuration list for PBXNativeTarget "W5AssetPicker" */ = {
			isa = XCConfigurationList;
			buildConfigurations = (
				DEEC100F156B32B600B1F0D2 /* Debug */,
				DEEC1010156B32B600B1F0D2 /* Release */,
			);
			defaultConfigurationIsVisible = 0;
			defaultConfigurationName = Release;
		};
/* End XCConfigurationList section */
	};
	rootObject = DE017CEB155EC92F002E7BB0 /* Project object */;
}
