// !$*UTF8*$!
{
	archiveVersion = 1;
	classes = {
	};
	objectVersion = 46;
	objects = {

/* Begin PBXAggregateTarget section */
		DEC0BC57164F3FF80078003F /* WSAssetPickerCombined */ = {
			isa = PBXAggregateTarget;
			buildConfigurationList = DEC0BC58164F3FF80078003F /* Build configuration list for PBXAggregateTarget "WSAssetPickerCombined" */;
			buildPhases = (
				DEC0BC5B164F3FFC0078003F /* ShellScript */,
			);
			dependencies = (
			);
			name = WSAssetPickerCombined;
			productName = WSAssetPickerCombined;
		};
/* End PBXAggregateTarget section */

/* Begin PBXBuildFile section */
		0D8AE762D8B74582B9AD2ECF /* libPods.a in Frameworks */ = {isa = PBXBuildFile; fileRef = DF8C127AA6E74EA5B04B6C1D /* libPods.a */; };
		4AE5CCE8156AB810004C2AB7 /* QuartzCore.framework in Frameworks */ = {isa = PBXBuildFile; fileRef = 4AE5CCE7156AB810004C2AB7 /* QuartzCore.framework */; };
		DE017CF9155EC92F002E7BB0 /* UIKit.framework in Frameworks */ = {isa = PBXBuildFile; fileRef = DE017CF8155EC92F002E7BB0 /* UIKit.framework */; };
		DE017CFB155EC92F002E7BB0 /* Foundation.framework in Frameworks */ = {isa = PBXBuildFile; fileRef = DE017CFA155EC92F002E7BB0 /* Foundation.framework */; };
		DE017CFD155EC92F002E7BB0 /* CoreGraphics.framework in Frameworks */ = {isa = PBXBuildFile; fileRef = DE017CFC155EC92F002E7BB0 /* CoreGraphics.framework */; };
		DE0C6ECD1659592D00ED8496 /* Default-568h@2x.png in Resources */ = {isa = PBXBuildFile; fileRef = DE0C6ECC1659592D00ED8496 /* Default-568h@2x.png */; };
		DE7FF814155ECB0A00D7B3E8 /* AssetsLibrary.framework in Frameworks */ = {isa = PBXBuildFile; fileRef = DE7FF813155ECB0A00D7B3E8 /* AssetsLibrary.framework */; };
		DE960F5615C5F84C00BB5E0B /* WSAssetPicker-Prefix.pch in Headers */ = {isa = PBXBuildFile; fileRef = DE960F5515C5F84C00BB5E0B /* WSAssetPicker-Prefix.pch */; };
		DEBD0F1E15C5DDE600B9C9B5 /* Icon.png in Resources */ = {isa = PBXBuildFile; fileRef = DEBD0F1C15C5DDE600B9C9B5 /* Icon.png */; };
		DEBD0F1F15C5DDE600B9C9B5 /* Icon@2x.png in Resources */ = {isa = PBXBuildFile; fileRef = DEBD0F1D15C5DDE600B9C9B5 /* Icon@2x.png */; };
		DEC2ADF215C5D5D60078B2C7 /* WSAlbumTableViewController.h in Headers */ = {isa = PBXBuildFile; fileRef = DEC2ADE215C5D5D60078B2C7 /* WSAlbumTableViewController.h */; };
		DEC2ADF315C5D5D60078B2C7 /* WSAlbumTableViewController.m in Sources */ = {isa = PBXBuildFile; fileRef = DEC2ADE315C5D5D60078B2C7 /* WSAlbumTableViewController.m */; };
		DEC2ADF515C5D5D60078B2C7 /* WSAssetPicker.h in Headers */ = {isa = PBXBuildFile; fileRef = DEC2ADE515C5D5D60078B2C7 /* WSAssetPicker.h */; settings = {ATTRIBUTES = (Public, ); }; };
		DEC2ADF615C5D5D60078B2C7 /* WSAssetPickerController.h in Headers */ = {isa = PBXBuildFile; fileRef = DEC2ADE615C5D5D60078B2C7 /* WSAssetPickerController.h */; settings = {ATTRIBUTES = (Public, ); }; };
		DEC2ADF715C5D5D60078B2C7 /* WSAssetPickerController.m in Sources */ = {isa = PBXBuildFile; fileRef = DEC2ADE715C5D5D60078B2C7 /* WSAssetPickerController.m */; };
		DEC2ADF815C5D5D60078B2C7 /* WSAssetPickerState.h in Headers */ = {isa = PBXBuildFile; fileRef = DEC2ADE815C5D5D60078B2C7 /* WSAssetPickerState.h */; };
		DEC2ADF915C5D5D60078B2C7 /* WSAssetPickerState.m in Sources */ = {isa = PBXBuildFile; fileRef = DEC2ADE915C5D5D60078B2C7 /* WSAssetPickerState.m */; };
		DEC2ADFA15C5D5D60078B2C7 /* WSAssetsTableViewCell.h in Headers */ = {isa = PBXBuildFile; fileRef = DEC2ADEA15C5D5D60078B2C7 /* WSAssetsTableViewCell.h */; };
		DEC2ADFB15C5D5D60078B2C7 /* WSAssetsTableViewCell.m in Sources */ = {isa = PBXBuildFile; fileRef = DEC2ADEB15C5D5D60078B2C7 /* WSAssetsTableViewCell.m */; };
		DEC2ADFC15C5D5D60078B2C7 /* WSAssetTableViewController.h in Headers */ = {isa = PBXBuildFile; fileRef = DEC2ADEC15C5D5D60078B2C7 /* WSAssetTableViewController.h */; };
		DEC2ADFD15C5D5D60078B2C7 /* WSAssetTableViewController.m in Sources */ = {isa = PBXBuildFile; fileRef = DEC2ADED15C5D5D60078B2C7 /* WSAssetTableViewController.m */; };
		DEC2ADFE15C5D5D60078B2C7 /* WSAssetViewColumn.h in Headers */ = {isa = PBXBuildFile; fileRef = DEC2ADEE15C5D5D60078B2C7 /* WSAssetViewColumn.h */; };
		DEC2ADFF15C5D5D60078B2C7 /* WSAssetViewColumn.m in Sources */ = {isa = PBXBuildFile; fileRef = DEC2ADEF15C5D5D60078B2C7 /* WSAssetViewColumn.m */; };
		DEC2AE0015C5D5D60078B2C7 /* WSAssetWrapper.h in Headers */ = {isa = PBXBuildFile; fileRef = DEC2ADF015C5D5D60078B2C7 /* WSAssetWrapper.h */; };
		DEC2AE0115C5D5D60078B2C7 /* WSAssetWrapper.m in Sources */ = {isa = PBXBuildFile; fileRef = DEC2ADF115C5D5D60078B2C7 /* WSAssetWrapper.m */; };
		DEC2AE1015C5D6270078B2C7 /* main.m in Sources */ = {isa = PBXBuildFile; fileRef = DEC2AE0515C5D6270078B2C7 /* main.m */; };
		DEC2AE1115C5D6270078B2C7 /* MainStoryboard_iPhone.storyboard in Resources */ = {isa = PBXBuildFile; fileRef = DEC2AE0615C5D6270078B2C7 /* MainStoryboard_iPhone.storyboard */; };
		DEC2AE1215C5D6270078B2C7 /* WSAppDelegate.m in Sources */ = {isa = PBXBuildFile; fileRef = DEC2AE0815C5D6270078B2C7 /* WSAppDelegate.m */; };
		DEC2AE1415C5D6270078B2C7 /* WSAssetViewSelectionIndicator.png in Resources */ = {isa = PBXBuildFile; fileRef = DEC2AE0B15C5D6270078B2C7 /* WSAssetViewSelectionIndicator.png */; };
		DEC2AE1515C5D6270078B2C7 /* WSAssetViewSelectionIndicator@2x.png in Resources */ = {isa = PBXBuildFile; fileRef = DEC2AE0C15C5D6270078B2C7 /* WSAssetViewSelectionIndicator@2x.png */; };
		DEC2AE1615C5D6270078B2C7 /* WSMainViewController.m in Sources */ = {isa = PBXBuildFile; fileRef = DEC2AE0E15C5D6270078B2C7 /* WSMainViewController.m */; };
		DEDF87571753077200D9A9A4 /* WSButtonBackground.png in Resources */ = {isa = PBXBuildFile; fileRef = DEDF87531753077200D9A9A4 /* WSButtonBackground.png */; };
		DEDF87581753077200D9A9A4 /* WSButtonBackground@2x.png in Resources */ = {isa = PBXBuildFile; fileRef = DEDF87541753077200D9A9A4 /* WSButtonBackground@2x.png */; };
		DEDF87591753077200D9A9A4 /* WSButtonBackgroundPressed.png in Resources */ = {isa = PBXBuildFile; fileRef = DEDF87551753077200D9A9A4 /* WSButtonBackgroundPressed.png */; };
		DEDF875A1753077200D9A9A4 /* WSButtonBackgroundPressed@2x.png in Resources */ = {isa = PBXBuildFile; fileRef = DEDF87561753077200D9A9A4 /* WSButtonBackgroundPressed@2x.png */; };
		DEEC0FF3156B32B600B1F0D2 /* Foundation.framework in Frameworks */ = {isa = PBXBuildFile; fileRef = DE017CFA155EC92F002E7BB0 /* Foundation.framework */; };
		DEEC1017156B332900B1F0D2 /* AssetsLibrary.framework in Frameworks */ = {isa = PBXBuildFile; fileRef = DE7FF813155ECB0A00D7B3E8 /* AssetsLibrary.framework */; };
		DEEC1018156B333600B1F0D2 /* UIKit.framework in Frameworks */ = {isa = PBXBuildFile; fileRef = DE017CF8155EC92F002E7BB0 /* UIKit.framework */; };
		DEEC102A156B39AB00B1F0D2 /* libWSAssetPicker.a in Frameworks */ = {isa = PBXBuildFile; fileRef = DEEC0FF2156B32B600B1F0D2 /* libWSAssetPicker.a */; };
		DEEC102B156B39AF00B1F0D2 /* libWSAssetPicker.a in Resources */ = {isa = PBXBuildFile; fileRef = DEEC0FF2156B32B600B1F0D2 /* libWSAssetPicker.a */; };
/* End PBXBuildFile section */

/* Begin PBXFileReference section */
		4AE5CCE7156AB810004C2AB7 /* QuartzCore.framework */ = {isa = PBXFileReference; lastKnownFileType = wrapper.framework; name = QuartzCore.framework; path = System/Library/Frameworks/QuartzCore.framework; sourceTree = SDKROOT; };
		8F346C66E3694462A33E62E2 /* Pods.xcconfig */ = {isa = PBXFileReference; includeInIndex = 1; lastKnownFileType = text.xcconfig; name = Pods.xcconfig; path = Pods/Pods.xcconfig; sourceTree = SOURCE_ROOT; };
		DE017CF4155EC92F002E7BB0 /* Picker Demo.app */ = {isa = PBXFileReference; explicitFileType = wrapper.application; includeInIndex = 0; path = "Picker Demo.app"; sourceTree = BUILT_PRODUCTS_DIR; };
		DE017CF8155EC92F002E7BB0 /* UIKit.framework */ = {isa = PBXFileReference; lastKnownFileType = wrapper.framework; name = UIKit.framework; path = System/Library/Frameworks/UIKit.framework; sourceTree = SDKROOT; };
		DE017CFA155EC92F002E7BB0 /* Foundation.framework */ = {isa = PBXFileReference; lastKnownFileType = wrapper.framework; name = Foundation.framework; path = System/Library/Frameworks/Foundation.framework; sourceTree = SDKROOT; };
		DE017CFC155EC92F002E7BB0 /* CoreGraphics.framework */ = {isa = PBXFileReference; lastKnownFileType = wrapper.framework; name = CoreGraphics.framework; path = System/Library/Frameworks/CoreGraphics.framework; sourceTree = SDKROOT; };
		DE017D10155EC930002E7BB0 /* SenTestingKit.framework */ = {isa = PBXFileReference; lastKnownFileType = wrapper.framework; name = SenTestingKit.framework; path = Library/Frameworks/SenTestingKit.framework; sourceTree = DEVELOPER_DIR; };
		DE0C6ECC1659592D00ED8496 /* Default-568h@2x.png */ = {isa = PBXFileReference; lastKnownFileType = image.png; name = "Default-568h@2x.png"; path = "../Default-568h@2x.png"; sourceTree = "<group>"; };
		DE7FF813155ECB0A00D7B3E8 /* AssetsLibrary.framework */ = {isa = PBXFileReference; lastKnownFileType = wrapper.framework; name = AssetsLibrary.framework; path = System/Library/Frameworks/AssetsLibrary.framework; sourceTree = SDKROOT; };
		DE960F5515C5F84C00BB5E0B /* WSAssetPicker-Prefix.pch */ = {isa = PBXFileReference; fileEncoding = 4; lastKnownFileType = sourcecode.c.h; path = "WSAssetPicker-Prefix.pch"; sourceTree = "<group>"; };
		DEBD0F1C15C5DDE600B9C9B5 /* Icon.png */ = {isa = PBXFileReference; lastKnownFileType = image.png; path = Icon.png; sourceTree = "<group>"; };
		DEBD0F1D15C5DDE600B9C9B5 /* Icon@2x.png */ = {isa = PBXFileReference; lastKnownFileType = image.png; path = "Icon@2x.png"; sourceTree = "<group>"; };
		DEC2ADE215C5D5D60078B2C7 /* WSAlbumTableViewController.h */ = {isa = PBXFileReference; fileEncoding = 4; lastKnownFileType = sourcecode.c.h; path = WSAlbumTableViewController.h; sourceTree = "<group>"; };
		DEC2ADE315C5D5D60078B2C7 /* WSAlbumTableViewController.m */ = {isa = PBXFileReference; fileEncoding = 4; lastKnownFileType = sourcecode.c.objc; path = WSAlbumTableViewController.m; sourceTree = "<group>"; };
		DEC2ADE515C5D5D60078B2C7 /* WSAssetPicker.h */ = {isa = PBXFileReference; fileEncoding = 4; lastKnownFileType = sourcecode.c.h; path = WSAssetPicker.h; sourceTree = "<group>"; };
		DEC2ADE615C5D5D60078B2C7 /* WSAssetPickerController.h */ = {isa = PBXFileReference; fileEncoding = 4; lastKnownFileType = sourcecode.c.h; path = WSAssetPickerController.h; sourceTree = "<group>"; };
		DEC2ADE715C5D5D60078B2C7 /* WSAssetPickerController.m */ = {isa = PBXFileReference; fileEncoding = 4; lastKnownFileType = sourcecode.c.objc; path = WSAssetPickerController.m; sourceTree = "<group>"; };
		DEC2ADE815C5D5D60078B2C7 /* WSAssetPickerState.h */ = {isa = PBXFileReference; fileEncoding = 4; lastKnownFileType = sourcecode.c.h; path = WSAssetPickerState.h; sourceTree = "<group>"; };
		DEC2ADE915C5D5D60078B2C7 /* WSAssetPickerState.m */ = {isa = PBXFileReference; fileEncoding = 4; lastKnownFileType = sourcecode.c.objc; path = WSAssetPickerState.m; sourceTree = "<group>"; };
		DEC2ADEA15C5D5D60078B2C7 /* WSAssetsTableViewCell.h */ = {isa = PBXFileReference; fileEncoding = 4; lastKnownFileType = sourcecode.c.h; path = WSAssetsTableViewCell.h; sourceTree = "<group>"; };
		DEC2ADEB15C5D5D60078B2C7 /* WSAssetsTableViewCell.m */ = {isa = PBXFileReference; fileEncoding = 4; lastKnownFileType = sourcecode.c.objc; path = WSAssetsTableViewCell.m; sourceTree = "<group>"; };
		DEC2ADEC15C5D5D60078B2C7 /* WSAssetTableViewController.h */ = {isa = PBXFileReference; fileEncoding = 4; lastKnownFileType = sourcecode.c.h; path = WSAssetTableViewController.h; sourceTree = "<group>"; };
		DEC2ADED15C5D5D60078B2C7 /* WSAssetTableViewController.m */ = {isa = PBXFileReference; fileEncoding = 4; lastKnownFileType = sourcecode.c.objc; path = WSAssetTableViewController.m; sourceTree = "<group>"; };
		DEC2ADEE15C5D5D60078B2C7 /* WSAssetViewColumn.h */ = {isa = PBXFileReference; fileEncoding = 4; lastKnownFileType = sourcecode.c.h; path = WSAssetViewColumn.h; sourceTree = "<group>"; };
		DEC2ADEF15C5D5D60078B2C7 /* WSAssetViewColumn.m */ = {isa = PBXFileReference; fileEncoding = 4; lastKnownFileType = sourcecode.c.objc; path = WSAssetViewColumn.m; sourceTree = "<group>"; };
		DEC2ADF015C5D5D60078B2C7 /* WSAssetWrapper.h */ = {isa = PBXFileReference; fileEncoding = 4; lastKnownFileType = sourcecode.c.h; path = WSAssetWrapper.h; sourceTree = "<group>"; };
		DEC2ADF115C5D5D60078B2C7 /* WSAssetWrapper.m */ = {isa = PBXFileReference; fileEncoding = 4; lastKnownFileType = sourcecode.c.objc; path = WSAssetWrapper.m; sourceTree = "<group>"; };
		DEC2AE0415C5D6270078B2C7 /* en */ = {isa = PBXFileReference; lastKnownFileType = text.plist.strings; name = en; path = en.lproj/InfoPlist.strings; sourceTree = "<group>"; };
		DEC2AE0515C5D6270078B2C7 /* main.m */ = {isa = PBXFileReference; fileEncoding = 4; lastKnownFileType = sourcecode.c.objc; path = main.m; sourceTree = "<group>"; };
		DEC2AE0615C5D6270078B2C7 /* MainStoryboard_iPhone.storyboard */ = {isa = PBXFileReference; fileEncoding = 4; lastKnownFileType = file.storyboard; path = MainStoryboard_iPhone.storyboard; sourceTree = "<group>"; };
		DEC2AE0715C5D6270078B2C7 /* WSAppDelegate.h */ = {isa = PBXFileReference; fileEncoding = 4; lastKnownFileType = sourcecode.c.h; path = WSAppDelegate.h; sourceTree = "<group>"; };
		DEC2AE0815C5D6270078B2C7 /* WSAppDelegate.m */ = {isa = PBXFileReference; fileEncoding = 4; lastKnownFileType = sourcecode.c.objc; path = WSAppDelegate.m; sourceTree = "<group>"; };
		DEC2AE0915C5D6270078B2C7 /* WSAssetPickerController-Info.plist */ = {isa = PBXFileReference; fileEncoding = 4; lastKnownFileType = text.plist.xml; path = "WSAssetPickerController-Info.plist"; sourceTree = "<group>"; };
		DEC2AE0A15C5D6270078B2C7 /* WSAssetPickerController-Prefix.pch */ = {isa = PBXFileReference; fileEncoding = 4; lastKnownFileType = sourcecode.c.h; path = "WSAssetPickerController-Prefix.pch"; sourceTree = "<group>"; };
		DEC2AE0B15C5D6270078B2C7 /* WSAssetViewSelectionIndicator.png */ = {isa = PBXFileReference; lastKnownFileType = image.png; path = WSAssetViewSelectionIndicator.png; sourceTree = "<group>"; };
		DEC2AE0C15C5D6270078B2C7 /* WSAssetViewSelectionIndicator@2x.png */ = {isa = PBXFileReference; lastKnownFileType = image.png; path = "WSAssetViewSelectionIndicator@2x.png"; sourceTree = "<group>"; };
		DEC2AE0D15C5D6270078B2C7 /* WSMainViewController.h */ = {isa = PBXFileReference; fileEncoding = 4; lastKnownFileType = sourcecode.c.h; path = WSMainViewController.h; sourceTree = "<group>"; };
		DEC2AE0E15C5D6270078B2C7 /* WSMainViewController.m */ = {isa = PBXFileReference; fileEncoding = 4; lastKnownFileType = sourcecode.c.objc; path = WSMainViewController.m; sourceTree = "<group>"; };
		DEDF87531753077200D9A9A4 /* WSButtonBackground.png */ = {isa = PBXFileReference; lastKnownFileType = image.png; path = WSButtonBackground.png; sourceTree = "<group>"; };
		DEDF87541753077200D9A9A4 /* WSButtonBackground@2x.png */ = {isa = PBXFileReference; lastKnownFileType = image.png; path = "WSButtonBackground@2x.png"; sourceTree = "<group>"; };
		DEDF87551753077200D9A9A4 /* WSButtonBackgroundPressed.png */ = {isa = PBXFileReference; lastKnownFileType = image.png; path = WSButtonBackgroundPressed.png; sourceTree = "<group>"; };
		DEDF87561753077200D9A9A4 /* WSButtonBackgroundPressed@2x.png */ = {isa = PBXFileReference; lastKnownFileType = image.png; path = "WSButtonBackgroundPressed@2x.png"; sourceTree = "<group>"; };
		DEEC0FF2156B32B600B1F0D2 /* libWSAssetPicker.a */ = {isa = PBXFileReference; explicitFileType = archive.ar; includeInIndex = 0; path = libWSAssetPicker.a; sourceTree = BUILT_PRODUCTS_DIR; };
		DF8C127AA6E74EA5B04B6C1D /* libPods.a */ = {isa = PBXFileReference; explicitFileType = archive.ar; includeInIndex = 0; path = libPods.a; sourceTree = BUILT_PRODUCTS_DIR; };
/* End PBXFileReference section */

/* Begin PBXFrameworksBuildPhase section */
		DE017CF1155EC92F002E7BB0 /* Frameworks */ = {
			isa = PBXFrameworksBuildPhase;
			buildActionMask = 2147483647;
			files = (
				DEEC102A156B39AB00B1F0D2 /* libWSAssetPicker.a in Frameworks */,
				4AE5CCE8156AB810004C2AB7 /* QuartzCore.framework in Frameworks */,
				DE7FF814155ECB0A00D7B3E8 /* AssetsLibrary.framework in Frameworks */,
				DE017CF9155EC92F002E7BB0 /* UIKit.framework in Frameworks */,
				DE017CFB155EC92F002E7BB0 /* Foundation.framework in Frameworks */,
				DE017CFD155EC92F002E7BB0 /* CoreGraphics.framework in Frameworks */,
				0D8AE762D8B74582B9AD2ECF /* libPods.a in Frameworks */,
			);
			runOnlyForDeploymentPostprocessing = 0;
		};
		DEEC0FEF156B32B600B1F0D2 /* Frameworks */ = {
			isa = PBXFrameworksBuildPhase;
			buildActionMask = 2147483647;
			files = (
				DEEC1018156B333600B1F0D2 /* UIKit.framework in Frameworks */,
				DEEC1017156B332900B1F0D2 /* AssetsLibrary.framework in Frameworks */,
				DEEC0FF3156B32B600B1F0D2 /* Foundation.framework in Frameworks */,
			);
			runOnlyForDeploymentPostprocessing = 0;
		};
/* End PBXFrameworksBuildPhase section */

/* Begin PBXGroup section */
		DE017CE9155EC92F002E7BB0 = {
			isa = PBXGroup;
			children = (
				DEC2ADE115C5D5D60078B2C7 /* src */,
				DEC2AE0215C5D6270078B2C7 /* demo */,
				DE017CF7155EC92F002E7BB0 /* Frameworks */,
				DE017CF5155EC92F002E7BB0 /* Products */,
				8F346C66E3694462A33E62E2 /* Pods.xcconfig */,
			);
			sourceTree = "<group>";
		};
		DE017CF5155EC92F002E7BB0 /* Products */ = {
			isa = PBXGroup;
			children = (
				DE017CF4155EC92F002E7BB0 /* Picker Demo.app */,
				DEEC0FF2156B32B600B1F0D2 /* libWSAssetPicker.a */,
			);
			name = Products;
			sourceTree = "<group>";
		};
		DE017CF7155EC92F002E7BB0 /* Frameworks */ = {
			isa = PBXGroup;
			children = (
				4AE5CCE7156AB810004C2AB7 /* QuartzCore.framework */,
				DE7FF813155ECB0A00D7B3E8 /* AssetsLibrary.framework */,
				DE017CF8155EC92F002E7BB0 /* UIKit.framework */,
				DE017CFA155EC92F002E7BB0 /* Foundation.framework */,
				DE017CFC155EC92F002E7BB0 /* CoreGraphics.framework */,
				DE017D10155EC930002E7BB0 /* SenTestingKit.framework */,
				DF8C127AA6E74EA5B04B6C1D /* libPods.a */,
			);
			name = Frameworks;
			sourceTree = "<group>";
		};
		DEC2ADE115C5D5D60078B2C7 /* src */ = {
			isa = PBXGroup;
			children = (
				DEC2ADE515C5D5D60078B2C7 /* WSAssetPicker.h */,
				DEC2ADE215C5D5D60078B2C7 /* WSAlbumTableViewController.h */,
				DEC2ADE315C5D5D60078B2C7 /* WSAlbumTableViewController.m */,
				DEC2ADE615C5D5D60078B2C7 /* WSAssetPickerController.h */,
				DEC2ADE715C5D5D60078B2C7 /* WSAssetPickerController.m */,
				DEC2ADE815C5D5D60078B2C7 /* WSAssetPickerState.h */,
				DEC2ADE915C5D5D60078B2C7 /* WSAssetPickerState.m */,
				DEC2ADEA15C5D5D60078B2C7 /* WSAssetsTableViewCell.h */,
				DEC2ADEB15C5D5D60078B2C7 /* WSAssetsTableViewCell.m */,
				DEC2ADEC15C5D5D60078B2C7 /* WSAssetTableViewController.h */,
				DEC2ADED15C5D5D60078B2C7 /* WSAssetTableViewController.m */,
				DEC2ADEE15C5D5D60078B2C7 /* WSAssetViewColumn.h */,
				DEC2ADEF15C5D5D60078B2C7 /* WSAssetViewColumn.m */,
				DEC2ADF015C5D5D60078B2C7 /* WSAssetWrapper.h */,
				DEC2ADF115C5D5D60078B2C7 /* WSAssetWrapper.m */,
				DEC2AE1815C5D7820078B2C7 /* Supporting Files */,
			);
			path = src;
			sourceTree = "<group>";
		};
		DEC2AE0215C5D6270078B2C7 /* demo */ = {
			isa = PBXGroup;
			children = (
				DEC2AE0615C5D6270078B2C7 /* MainStoryboard_iPhone.storyboard */,
				DEC2AE0B15C5D6270078B2C7 /* WSAssetViewSelectionIndicator.png */,
				DEC2AE0C15C5D6270078B2C7 /* WSAssetViewSelectionIndicator@2x.png */,
				DEC2AE0D15C5D6270078B2C7 /* WSMainViewController.h */,
				DEC2AE0E15C5D6270078B2C7 /* WSMainViewController.m */,
				DEC2AE1715C5D6320078B2C7 /* Supporting Files */,
			);
			path = demo;
			sourceTree = "<group>";
		};
		DEC2AE1715C5D6320078B2C7 /* Supporting Files */ = {
			isa = PBXGroup;
			children = (
				DEDF87531753077200D9A9A4 /* WSButtonBackground.png */,
				DEDF87541753077200D9A9A4 /* WSButtonBackground@2x.png */,
				DEDF87551753077200D9A9A4 /* WSButtonBackgroundPressed.png */,
				DEDF87561753077200D9A9A4 /* WSButtonBackgroundPressed@2x.png */,
				DE0C6ECC1659592D00ED8496 /* Default-568h@2x.png */,
				DEBD0F1C15C5DDE600B9C9B5 /* Icon.png */,
				DEBD0F1D15C5DDE600B9C9B5 /* Icon@2x.png */,
				DEC2AE0515C5D6270078B2C7 /* main.m */,
				DEC2AE0315C5D6270078B2C7 /* InfoPlist.strings */,
				DEC2AE0915C5D6270078B2C7 /* WSAssetPickerController-Info.plist */,
				DEC2AE0715C5D6270078B2C7 /* WSAppDelegate.h */,
				DEC2AE0815C5D6270078B2C7 /* WSAppDelegate.m */,
				DEC2AE0A15C5D6270078B2C7 /* WSAssetPickerController-Prefix.pch */,
			);
			name = "Supporting Files";
			sourceTree = "<group>";
		};
		DEC2AE1815C5D7820078B2C7 /* Supporting Files */ = {
			isa = PBXGroup;
			children = (
				DE960F5515C5F84C00BB5E0B /* WSAssetPicker-Prefix.pch */,
			);
			name = "Supporting Files";
			sourceTree = "<group>";
		};
/* End PBXGroup section */

/* Begin PBXHeadersBuildPhase section */
		DEEC0FF0156B32B600B1F0D2 /* Headers */ = {
			isa = PBXHeadersBuildPhase;
			buildActionMask = 2147483647;
			files = (
				DEC2ADF515C5D5D60078B2C7 /* WSAssetPicker.h in Headers */,
				DEC2ADF615C5D5D60078B2C7 /* WSAssetPickerController.h in Headers */,
				DEC2ADF215C5D5D60078B2C7 /* WSAlbumTableViewController.h in Headers */,
				DEC2ADF815C5D5D60078B2C7 /* WSAssetPickerState.h in Headers */,
				DEC2ADFA15C5D5D60078B2C7 /* WSAssetsTableViewCell.h in Headers */,
				DEC2ADFC15C5D5D60078B2C7 /* WSAssetTableViewController.h in Headers */,
				DEC2ADFE15C5D5D60078B2C7 /* WSAssetViewColumn.h in Headers */,
				DEC2AE0015C5D5D60078B2C7 /* WSAssetWrapper.h in Headers */,
				DE960F5615C5F84C00BB5E0B /* WSAssetPicker-Prefix.pch in Headers */,
			);
			runOnlyForDeploymentPostprocessing = 0;
		};
/* End PBXHeadersBuildPhase section */

/* Begin PBXNativeTarget section */
		DE017CF3155EC92F002E7BB0 /* Picker Demo */ = {
			isa = PBXNativeTarget;
			buildConfigurationList = DE017D21155EC930002E7BB0 /* Build configuration list for PBXNativeTarget "Picker Demo" */;
			buildPhases = (
				862712CA7B4249E2B9782464 /* Check Pods Manifest.lock */,
				DE017CF0155EC92F002E7BB0 /* Sources */,
				DE017CF1155EC92F002E7BB0 /* Frameworks */,
				DE017CF2155EC92F002E7BB0 /* Resources */,
				A85B7853C35840A09505658E /* Copy Pods Resources */,
			);
			buildRules = (
			);
			dependencies = (
			);
			name = "Picker Demo";
			productName = WSAssetPickerController;
			productReference = DE017CF4155EC92F002E7BB0 /* Picker Demo.app */;
			productType = "com.apple.product-type.application";
		};
		DEEC0FF1156B32B600B1F0D2 /* WSAssetPicker */ = {
			isa = PBXNativeTarget;
			buildConfigurationList = DEEC1013156B32B600B1F0D2 /* Build configuration list for PBXNativeTarget "WSAssetPicker" */;
			buildPhases = (
				DEEC0FEE156B32B600B1F0D2 /* Sources */,
				DEEC0FEF156B32B600B1F0D2 /* Frameworks */,
				DEEC0FF0156B32B600B1F0D2 /* Headers */,
			);
			buildRules = (
			);
			dependencies = (
			);
			name = WSAssetPicker;
			productName = WSAssetPicker;
			productReference = DEEC0FF2156B32B600B1F0D2 /* libWSAssetPicker.a */;
			productType = "com.apple.product-type.library.static";
		};
/* End PBXNativeTarget section */

/* Begin PBXProject section */
		DE017CEB155EC92F002E7BB0 /* Project object */ = {
			isa = PBXProject;
			attributes = {
				CLASSPREFIX = WS;
				LastUpgradeCheck = 0430;
				ORGANIZATIONNAME = "Wesley D. Smith";
			};
			buildConfigurationList = DE017CEE155EC92F002E7BB0 /* Build configuration list for PBXProject "WSAssetPickerController" */;
			compatibilityVersion = "Xcode 3.2";
			developmentRegion = English;
			hasScannedForEncodings = 0;
			knownRegions = (
				en,
			);
			mainGroup = DE017CE9155EC92F002E7BB0;
			productRefGroup = DE017CF5155EC92F002E7BB0 /* Products */;
			projectDirPath = "";
			projectRoot = "";
			targets = (
				DE017CF3155EC92F002E7BB0 /* Picker Demo */,
				DEEC0FF1156B32B600B1F0D2 /* WSAssetPicker */,
				DEC0BC57164F3FF80078003F /* WSAssetPickerCombined */,
			);
		};
/* End PBXProject section */

/* Begin PBXResourcesBuildPhase section */
		DE017CF2155EC92F002E7BB0 /* Resources */ = {
			isa = PBXResourcesBuildPhase;
			buildActionMask = 2147483647;
			files = (
				DEEC102B156B39AF00B1F0D2 /* libWSAssetPicker.a in Resources */,
				DEC2AE1115C5D6270078B2C7 /* MainStoryboard_iPhone.storyboard in Resources */,
				DEC2AE1415C5D6270078B2C7 /* WSAssetViewSelectionIndicator.png in Resources */,
				DEC2AE1515C5D6270078B2C7 /* WSAssetViewSelectionIndicator@2x.png in Resources */,
				DEBD0F1E15C5DDE600B9C9B5 /* Icon.png in Resources */,
				DEBD0F1F15C5DDE600B9C9B5 /* Icon@2x.png in Resources */,
				DE0C6ECD1659592D00ED8496 /* Default-568h@2x.png in Resources */,
				DEDF87571753077200D9A9A4 /* WSButtonBackground.png in Resources */,
				DEDF87581753077200D9A9A4 /* WSButtonBackground@2x.png in Resources */,
				DEDF87591753077200D9A9A4 /* WSButtonBackgroundPressed.png in Resources */,
				DEDF875A1753077200D9A9A4 /* WSButtonBackgroundPressed@2x.png in Resources */,
			);
			runOnlyForDeploymentPostprocessing = 0;
		};
/* End PBXResourcesBuildPhase section */

/* Begin PBXShellScriptBuildPhase section */
		862712CA7B4249E2B9782464 /* Check Pods Manifest.lock */ = {
			isa = PBXShellScriptBuildPhase;
			buildActionMask = 2147483647;
			files = (
			);
			inputPaths = (
			);
			name = "Check Pods Manifest.lock";
			outputPaths = (
			);
			runOnlyForDeploymentPostprocessing = 0;
			shellPath = /bin/sh;
			shellScript = "diff \"${PODS_ROOT}/../Podfile.lock\" \"${PODS_ROOT}/Manifest.lock\" > /dev/null\nif [[ $? != 0 ]] ; then\n    cat << EOM\nerror: The sandbox is not in sync with the Podfile.lock. Run 'pod install' or update your CocoaPods installation.\nEOM\n    exit 1\nfi\n";
		};
		A85B7853C35840A09505658E /* Copy Pods Resources */ = {
			isa = PBXShellScriptBuildPhase;
			buildActionMask = 2147483647;
			files = (
			);
			inputPaths = (
			);
			name = "Copy Pods Resources";
			outputPaths = (
			);
			runOnlyForDeploymentPostprocessing = 0;
			shellPath = /bin/sh;
			shellScript = "\"${SRCROOT}/Pods/Pods-resources.sh\"\n";
		};
		DEC0BC5B164F3FFC0078003F /* ShellScript */ = {
			isa = PBXShellScriptBuildPhase;
			buildActionMask = 2147483647;
			files = (
			);
			inputPaths = (
			);
			outputPaths = (
			);
			runOnlyForDeploymentPostprocessing = 0;
			shellPath = /bin/sh;
			shellScript = "XCODEBUILD_PATH=/Applications/Xcode.app/Contents/Developer/usr/bin\nXCODEBUILD=$XCODEBUILD_PATH/xcodebuild\n\n$XCODEBUILD -project WSAssetPickerController.xcodeproj -target \"WSAssetPicker\" -sdk \"iphonesimulator\" -configuration \"Release\" clean build\n$XCODEBUILD -project WSAssetPickerController.xcodeproj -target \"WSAssetPicker\" -sdk \"iphoneos\" -configuration \"Release\" clean build\n\nmkdir -p \"build/WSAssetPicker/headers\"\n\nlipo -create -output \"build/WSAssetPicker/libWSAssetPicker-Combined.a\" \"build/Release-iphoneos/libWSAssetPicker.a\" \"build/Release-iphonesimulator/libWSAssetPicker.a\"\ncp -r  \"build/Release-iphoneos/include/WSAssetPicker/\" \"build/WSAssetPicker/headers\"";
		};
/* End PBXShellScriptBuildPhase section */

/* Begin PBXSourcesBuildPhase section */
		DE017CF0155EC92F002E7BB0 /* Sources */ = {
			isa = PBXSourcesBuildPhase;
			buildActionMask = 2147483647;
			files = (
				DEC2AE1015C5D6270078B2C7 /* main.m in Sources */,
				DEC2AE1215C5D6270078B2C7 /* WSAppDelegate.m in Sources */,
				DEC2AE1615C5D6270078B2C7 /* WSMainViewController.m in Sources */,
			);
			runOnlyForDeploymentPostprocessing = 0;
		};
		DEEC0FEE156B32B600B1F0D2 /* Sources */ = {
			isa = PBXSourcesBuildPhase;
			buildActionMask = 2147483647;
			files = (
				DEC2ADF315C5D5D60078B2C7 /* WSAlbumTableViewController.m in Sources */,
				DEC2ADF715C5D5D60078B2C7 /* WSAssetPickerController.m in Sources */,
				DEC2ADF915C5D5D60078B2C7 /* WSAssetPickerState.m in Sources */,
				DEC2ADFB15C5D5D60078B2C7 /* WSAssetsTableViewCell.m in Sources */,
				DEC2ADFD15C5D5D60078B2C7 /* WSAssetTableViewController.m in Sources */,
				DEC2ADFF15C5D5D60078B2C7 /* WSAssetViewColumn.m in Sources */,
				DEC2AE0115C5D5D60078B2C7 /* WSAssetWrapper.m in Sources */,
			);
			runOnlyForDeploymentPostprocessing = 0;
		};
/* End PBXSourcesBuildPhase section */

/* Begin PBXVariantGroup section */
		DEC2AE0315C5D6270078B2C7 /* InfoPlist.strings */ = {
			isa = PBXVariantGroup;
			children = (
				DEC2AE0415C5D6270078B2C7 /* en */,
			);
			name = InfoPlist.strings;
			sourceTree = "<group>";
		};
/* End PBXVariantGroup section */

/* Begin XCBuildConfiguration section */
		DE017D1F155EC930002E7BB0 /* Debug */ = {
			isa = XCBuildConfiguration;
			buildSettings = {
				ALWAYS_SEARCH_USER_PATHS = NO;
				ARCHS = "$(ARCHS_STANDARD_32_BIT)";
				CLANG_ENABLE_OBJC_ARC = YES;
				"CODE_SIGN_IDENTITY[sdk=iphoneos*]" = "iPhone Developer";
				COPY_PHASE_STRIP = NO;
				GCC_C_LANGUAGE_STANDARD = gnu99;
				GCC_DYNAMIC_NO_PIC = NO;
				GCC_OPTIMIZATION_LEVEL = 0;
				GCC_PREPROCESSOR_DEFINITIONS = (
					"DEBUG=1",
					"$(inherited)",
				);
				GCC_SYMBOLS_PRIVATE_EXTERN = NO;
				GCC_VERSION = com.apple.compilers.llvm.clang.1_0;
				GCC_WARN_ABOUT_RETURN_TYPE = YES;
				GCC_WARN_UNINITIALIZED_AUTOS = YES;
				GCC_WARN_UNUSED_VARIABLE = YES;
				IPHONEOS_DEPLOYMENT_TARGET = 5.0;
				SDKROOT = iphoneos;
				TARGETED_DEVICE_FAMILY = "1,2";
			};
			name = Debug;
		};
		DE017D20155EC930002E7BB0 /* Release */ = {
			isa = XCBuildConfiguration;
			buildSettings = {
				ALWAYS_SEARCH_USER_PATHS = NO;
				ARCHS = "$(ARCHS_STANDARD_32_BIT)";
				CLANG_ENABLE_OBJC_ARC = YES;
				"CODE_SIGN_IDENTITY[sdk=iphoneos*]" = "iPhone Developer";
				COPY_PHASE_STRIP = YES;
				GCC_C_LANGUAGE_STANDARD = gnu99;
				GCC_VERSION = com.apple.compilers.llvm.clang.1_0;
				GCC_WARN_ABOUT_RETURN_TYPE = YES;
				GCC_WARN_UNINITIALIZED_AUTOS = YES;
				GCC_WARN_UNUSED_VARIABLE = YES;
				IPHONEOS_DEPLOYMENT_TARGET = 5.0;
				OTHER_CFLAGS = "-DNS_BLOCK_ASSERTIONS=1";
				SDKROOT = iphoneos;
				TARGETED_DEVICE_FAMILY = "1,2";
				VALIDATE_PRODUCT = YES;
			};
			name = Release;
		};
		DE017D22155EC930002E7BB0 /* Debug */ = {
			isa = XCBuildConfiguration;
			baseConfigurationReference = 8F346C66E3694462A33E62E2 /* Pods.xcconfig */;
			buildSettings = {
				GCC_PRECOMPILE_PREFIX_HEADER = YES;
				GCC_PREFIX_HEADER = "demo/WSAssetPickerController-Prefix.pch";
				INFOPLIST_FILE = "$(SRCROOT)/demo/WSAssetPickerController-Info.plist";
				OTHER_CFLAGS = "-DDEBUG";
				PRODUCT_NAME = "$(TARGET_NAME)";
				WRAPPER_EXTENSION = app;
			};
			name = Debug;
		};
		DE017D23155EC930002E7BB0 /* Release */ = {
			isa = XCBuildConfiguration;
			baseConfigurationReference = 8F346C66E3694462A33E62E2 /* Pods.xcconfig */;
			buildSettings = {
				GCC_PRECOMPILE_PREFIX_HEADER = YES;
				GCC_PREFIX_HEADER = "demo/WSAssetPickerController-Prefix.pch";
				INFOPLIST_FILE = "$(SRCROOT)/demo/WSAssetPickerController-Info.plist";
				PRODUCT_NAME = "$(TARGET_NAME)";
				WRAPPER_EXTENSION = app;
			};
			name = Release;
		};
		DEC0BC59164F3FF80078003F /* Debug */ = {
			isa = XCBuildConfiguration;
			buildSettings = {
				PRODUCT_NAME = "$(TARGET_NAME)";
			};
			name = Debug;
		};
		DEC0BC5A164F3FF80078003F /* Release */ = {
			isa = XCBuildConfiguration;
			buildSettings = {
				PRODUCT_NAME = "$(TARGET_NAME)";
			};
			name = Release;
		};
		DEEC100F156B32B600B1F0D2 /* Debug */ = {
			isa = XCBuildConfiguration;
			buildSettings = {
				DEAD_CODE_STRIPPING = NO;
				DSTROOT = /tmp/WSAssetPicker.dst;
				GCC_GENERATE_DEBUGGING_SYMBOLS = YES;
				GCC_PRECOMPILE_PREFIX_HEADER = YES;
				GCC_PREFIX_HEADER = "src/WSAssetPicker-Prefix.pch";
				MACH_O_TYPE = staticlib;
				OTHER_LDFLAGS = "-ObjC";
				PRODUCT_NAME = "$(TARGET_NAME)";
				PUBLIC_HEADERS_FOLDER_PATH = "include/$(TARGET_NAME)";
				SKIP_INSTALL = YES;
				STRIP_STYLE = "non-global";
			};
			name = Debug;
		};
		DEEC1010156B32B600B1F0D2 /* Release */ = {
			isa = XCBuildConfiguration;
			buildSettings = {
				COPY_PHASE_STRIP = NO;
				DEAD_CODE_STRIPPING = NO;
				DSTROOT = /tmp/WSAssetPicker.dst;
				GCC_GENERATE_DEBUGGING_SYMBOLS = YES;
				GCC_PRECOMPILE_PREFIX_HEADER = YES;
				GCC_PREFIX_HEADER = "src/WSAssetPicker-Prefix.pch";
				MACH_O_TYPE = staticlib;
				OTHER_LDFLAGS = "-ObjC";
				PRODUCT_NAME = "$(TARGET_NAME)";
				PUBLIC_HEADERS_FOLDER_PATH = "include/$(TARGET_NAME)";
				SKIP_INSTALL = YES;
				STRIP_STYLE = "non-global";
			};
			name = Release;
		};
/* End XCBuildConfiguration section */

/* Begin XCConfigurationList section */
		DE017CEE155EC92F002E7BB0 /* Build configuration list for PBXProject "WSAssetPickerController" */ = {
			isa = XCConfigurationList;
			buildConfigurations = (
				DE017D1F155EC930002E7BB0 /* Debug */,
				DE017D20155EC930002E7BB0 /* Release */,
			);
			defaultConfigurationIsVisible = 0;
			defaultConfigurationName = Release;
		};
		DE017D21155EC930002E7BB0 /* Build configuration list for PBXNativeTarget "Picker Demo" */ = {
			isa = XCConfigurationList;
			buildConfigurations = (
				DE017D22155EC930002E7BB0 /* Debug */,
				DE017D23155EC930002E7BB0 /* Release */,
			);
			defaultConfigurationIsVisible = 0;
			defaultConfigurationName = Release;
		};
		DEC0BC58164F3FF80078003F /* Build configuration list for PBXAggregateTarget "WSAssetPickerCombined" */ = {
			isa = XCConfigurationList;
			buildConfigurations = (
				DEC0BC59164F3FF80078003F /* Debug */,
				DEC0BC5A164F3FF80078003F /* Release */,
			);
			defaultConfigurationIsVisible = 0;
			defaultConfigurationName = Release;
		};
		DEEC1013156B32B600B1F0D2 /* Build configuration list for PBXNativeTarget "WSAssetPicker" */ = {
			isa = XCConfigurationList;
			buildConfigurations = (
				DEEC100F156B32B600B1F0D2 /* Debug */,
				DEEC1010156B32B600B1F0D2 /* Release */,
			);
			defaultConfigurationIsVisible = 0;
			defaultConfigurationName = Release;
		};
/* End XCConfigurationList section */
	};
	rootObject = DE017CEB155EC92F002E7BB0 /* Project object */;
}
